
Microsoft Visual Studio Solution File, Format Version 12.00
# Visual Studio 14
VisualStudioVersion = 14.0.25420.1
MinimumVisualStudioVersion = 10.0.40219.1
Project("{2150E333-8FDC-42A3-9474-1A3956D46DE8}") = "Framework", "Framework", "{7B56A7FE-A82F-4258-9935-0A74EBBC2FD9}"
EndProject
Project("{FAE04EC0-301F-11D3-BF4B-00C04F79EFBC}") = "Bango.Base", "Bango.Base\Bango.Base.csproj", "{9F1FC48B-2E15-4E58-BC75-53097AD69CCF}"
EndProject
Project("{FAE04EC0-301F-11D3-BF4B-00C04F79EFBC}") = "Bango", "Bango\Bango.csproj", "{ECF9C811-7F32-4F3F-B9EA-499B794E365F}"
EndProject
Project("{FAE04EC0-301F-11D3-BF4B-00C04F79EFBC}") = "Bango.Report", "Bango.Report\Bango.Report.csproj", "{13EB456B-72AF-4C38-9600-F448C3ADCC1A}"
EndProject
Project("{FAE04EC0-301F-11D3-BF4B-00C04F79EFBC}") = "Dapper", "Dapper\Dapper.csproj", "{8B61715D-2537-4632-833E-33A33B9ADCF1}"
EndProject
Project("{FAE04EC0-301F-11D3-BF4B-00C04F79EFBC}") = "Dapper.Rainbow", "Dapper.Rainbow\Dapper.Rainbow.csproj", "{C49F5FB8-13E1-4E55-B9A6-B01F225A8B35}"
EndProject
Project("{FAE04EC0-301F-11D3-BF4B-00C04F79EFBC}") = "Test", "Test\Test.csproj", "{FC0D2093-8B54-484D-A75F-588D391CDA4A}"
EndProject
Project("{FAE04EC0-301F-11D3-BF4B-00C04F79EFBC}") = "Bango.Rbac", "Bango.Rbac\Bango.Rbac.csproj", "{2FEC8BA3-EFC7-4B9C-A9F8-E8EA4FBE6719}"
EndProject
Global
	GlobalSection(SolutionConfigurationPlatforms) = preSolution
		Debug|Any CPU = Debug|Any CPU
		Debug|x64 = Debug|x64
		Release|Any CPU = Release|Any CPU
		Release|x64 = Release|x64
	EndGlobalSection
	GlobalSection(ProjectConfigurationPlatforms) = postSolution
		{9F1FC48B-2E15-4E58-BC75-53097AD69CCF}.Debug|Any CPU.ActiveCfg = Debug|Any CPU
		{9F1FC48B-2E15-4E58-BC75-53097AD69CCF}.Debug|Any CPU.Build.0 = Debug|Any CPU
		{9F1FC48B-2E15-4E58-BC75-53097AD69CCF}.Debug|x64.ActiveCfg = Debug|Any CPU
		{9F1FC48B-2E15-4E58-BC75-53097AD69CCF}.Debug|x64.Build.0 = Debug|Any CPU
		{9F1FC48B-2E15-4E58-BC75-53097AD69CCF}.Release|Any CPU.ActiveCfg = Release|Any CPU
		{9F1FC48B-2E15-4E58-BC75-53097AD69CCF}.Release|Any CPU.Build.0 = Release|Any CPU
		{9F1FC48B-2E15-4E58-BC75-53097AD69CCF}.Release|x64.ActiveCfg = Release|Any CPU
		{9F1FC48B-2E15-4E58-BC75-53097AD69CCF}.Release|x64.Build.0 = Release|Any CPU
		{ECF9C811-7F32-4F3F-B9EA-499B794E365F}.Debug|Any CPU.ActiveCfg = Debug|Any CPU
		{ECF9C811-7F32-4F3F-B9EA-499B794E365F}.Debug|Any CPU.Build.0 = Debug|Any CPU
		{ECF9C811-7F32-4F3F-B9EA-499B794E365F}.Debug|x64.ActiveCfg = Debug|Any CPU
		{ECF9C811-7F32-4F3F-B9EA-499B794E365F}.Debug|x64.Build.0 = Debug|Any CPU
		{ECF9C811-7F32-4F3F-B9EA-499B794E365F}.Release|Any CPU.ActiveCfg = Release|Any CPU
		{ECF9C811-7F32-4F3F-B9EA-499B794E365F}.Release|Any CPU.Build.0 = Release|Any CPU
		{ECF9C811-7F32-4F3F-B9EA-499B794E365F}.Release|x64.ActiveCfg = Release|Any CPU
		{ECF9C811-7F32-4F3F-B9EA-499B794E365F}.Release|x64.Build.0 = Release|Any CPU
		{13EB456B-72AF-4C38-9600-F448C3ADCC1A}.Debug|Any CPU.ActiveCfg = Debug|Any CPU
		{13EB456B-72AF-4C38-9600-F448C3ADCC1A}.Debug|Any CPU.Build.0 = Debug|Any CPU
		{13EB456B-72AF-4C38-9600-F448C3ADCC1A}.Debug|x64.ActiveCfg = Debug|Any CPU
		{13EB456B-72AF-4C38-9600-F448C3ADCC1A}.Debug|x64.Build.0 = Debug|Any CPU
		{13EB456B-72AF-4C38-9600-F448C3ADCC1A}.Release|Any CPU.ActiveCfg = Release|Any CPU
		{13EB456B-72AF-4C38-9600-F448C3ADCC1A}.Release|Any CPU.Build.0 = Release|Any CPU
		{13EB456B-72AF-4C38-9600-F448C3ADCC1A}.Release|x64.ActiveCfg = Release|Any CPU
		{13EB456B-72AF-4C38-9600-F448C3ADCC1A}.Release|x64.Build.0 = Release|Any CPU
		{8B61715D-2537-4632-833E-33A33B9ADCF1}.Debug|Any CPU.ActiveCfg = Debug|Any CPU
		{8B61715D-2537-4632-833E-33A33B9ADCF1}.Debug|Any CPU.Build.0 = Debug|Any CPU
		{8B61715D-2537-4632-833E-33A33B9ADCF1}.Debug|x64.ActiveCfg = Debug|Any CPU
		{8B61715D-2537-4632-833E-33A33B9ADCF1}.Debug|x64.Build.0 = Debug|Any CPU
		{8B61715D-2537-4632-833E-33A33B9ADCF1}.Release|Any CPU.ActiveCfg = Release|Any CPU
		{8B61715D-2537-4632-833E-33A33B9ADCF1}.Release|Any CPU.Build.0 = Release|Any CPU
		{8B61715D-2537-4632-833E-33A33B9ADCF1}.Release|x64.ActiveCfg = Release|Any CPU
		{8B61715D-2537-4632-833E-33A33B9ADCF1}.Release|x64.Build.0 = Release|Any CPU
		{C49F5FB8-13E1-4E55-B9A6-B01F225A8B35}.Debug|Any CPU.ActiveCfg = Debug|Any CPU
		{C49F5FB8-13E1-4E55-B9A6-B01F225A8B35}.Debug|Any CPU.Build.0 = Debug|Any CPU
		{C49F5FB8-13E1-4E55-B9A6-B01F225A8B35}.Debug|x64.ActiveCfg = Debug|Any CPU
		{C49F5FB8-13E1-4E55-B9A6-B01F225A8B35}.Debug|x64.Build.0 = Debug|Any CPU
		{C49F5FB8-13E1-4E55-B9A6-B01F225A8B35}.Release|Any CPU.ActiveCfg = Release|Any CPU
		{C49F5FB8-13E1-4E55-B9A6-B01F225A8B35}.Release|Any CPU.Build.0 = Release|Any CPU
		{C49F5FB8-13E1-4E55-B9A6-B01F225A8B35}.Release|x64.ActiveCfg = Release|Any CPU
		{C49F5FB8-13E1-4E55-B9A6-B01F225A8B35}.Release|x64.Build.0 = Release|Any CPU
		{FC0D2093-8B54-484D-A75F-588D391CDA4A}.Debug|Any CPU.ActiveCfg = Debug|Any CPU
		{FC0D2093-8B54-484D-A75F-588D391CDA4A}.Debug|Any CPU.Build.0 = Debug|Any CPU
		{FC0D2093-8B54-484D-A75F-588D391CDA4A}.Debug|x64.ActiveCfg = Debug|Any CPU
		{FC0D2093-8B54-484D-A75F-588D391CDA4A}.Debug|x64.Build.0 = Debug|Any CPU
		{FC0D2093-8B54-484D-A75F-588D391CDA4A}.Release|Any CPU.ActiveCfg = Release|Any CPU
		{FC0D2093-8B54-484D-A75F-588D391CDA4A}.Release|Any CPU.Build.0 = Release|Any CPU
		{FC0D2093-8B54-484D-A75F-588D391CDA4A}.Release|x64.ActiveCfg = Release|Any CPU
		{FC0D2093-8B54-484D-A75F-588D391CDA4A}.Release|x64.Build.0 = Release|Any CPU
		{2FEC8BA3-EFC7-4B9C-A9F8-E8EA4FBE6719}.Debug|Any CPU.ActiveCfg = Debug|Any CPU
		{2FEC8BA3-EFC7-4B9C-A9F8-E8EA4FBE6719}.Debug|Any CPU.Build.0 = Debug|Any CPU
		{2FEC8BA3-EFC7-4B9C-A9F8-E8EA4FBE6719}.Debug|x64.ActiveCfg = Debug|Any CPU
		{2FEC8BA3-EFC7-4B9C-A9F8-E8EA4FBE6719}.Debug|x64.Build.0 = Debug|Any CPU
		{2FEC8BA3-EFC7-4B9C-A9F8-E8EA4FBE6719}.Release|Any CPU.ActiveCfg = Release|Any CPU
		{2FEC8BA3-EFC7-4B9C-A9F8-E8EA4FBE6719}.Release|Any CPU.Build.0 = Release|Any CPU
		{2FEC8BA3-EFC7-4B9C-A9F8-E8EA4FBE6719}.Release|x64.ActiveCfg = Release|Any CPU
		{2FEC8BA3-EFC7-4B9C-A9F8-E8EA4FBE6719}.Release|x64.Build.0 = Release|Any CPU
	EndGlobalSection
	GlobalSection(SolutionProperties) = preSolution
		HideSolutionNode = FALSE
	EndGlobalSection
	GlobalSection(NestedProjects) = preSolution
		{9F1FC48B-2E15-4E58-BC75-53097AD69CCF} = {7B56A7FE-A82F-4258-9935-0A74EBBC2FD9}
		{ECF9C811-7F32-4F3F-B9EA-499B794E365F} = {7B56A7FE-A82F-4258-9935-0A74EBBC2FD9}
		{13EB456B-72AF-4C38-9600-F448C3ADCC1A} = {7B56A7FE-A82F-4258-9935-0A74EBBC2FD9}
		{8B61715D-2537-4632-833E-33A33B9ADCF1} = {7B56A7FE-A82F-4258-9935-0A74EBBC2FD9}
		{C49F5FB8-13E1-4E55-B9A6-B01F225A8B35} = {7B56A7FE-A82F-4258-9935-0A74EBBC2FD9}
		{FC0D2093-8B54-484D-A75F-588D391CDA4A} = {7B56A7FE-A82F-4258-9935-0A74EBBC2FD9}
		{2FEC8BA3-EFC7-4B9C-A9F8-E8EA4FBE6719} = {7B56A7FE-A82F-4258-9935-0A74EBBC2FD9}
	EndGlobalSection
EndGlobal
